// !$*UTF8*$!
{
	archiveVersion = 1;
	classes = {
	};
	objectVersion = 55;
	objects = {

/* Begin PBXBuildFile section */
		31075977284B3B5500FC1B2E /* Data.swift in Sources */ = {isa = PBXBuildFile; fileRef = 31075976284B3B5500FC1B2E /* Data.swift */; };
		3107597A284B590900FC1B2E /* AddContactViewController.swift in Sources */ = {isa = PBXBuildFile; fileRef = 31075979284B590900FC1B2E /* AddContactViewController.swift */; };
		3170552A2849EAD000B324E8 /* Contact.swift in Sources */ = {isa = PBXBuildFile; fileRef = 317055292849EAD000B324E8 /* Contact.swift */; };
		3170552C2849FDA100B324E8 /* ContactDetailsViewController.swift in Sources */ = {isa = PBXBuildFile; fileRef = 3170552B2849FDA100B324E8 /* ContactDetailsViewController.swift */; };
		31AE51512848C21D00D405AD /* AppDelegate.swift in Sources */ = {isa = PBXBuildFile; fileRef = 31AE51502848C21D00D405AD /* AppDelegate.swift */; };
		31AE51532848C21D00D405AD /* SceneDelegate.swift in Sources */ = {isa = PBXBuildFile; fileRef = 31AE51522848C21D00D405AD /* SceneDelegate.swift */; };
		31AE51552848C21D00D405AD /* ViewController.swift in Sources */ = {isa = PBXBuildFile; fileRef = 31AE51542848C21D00D405AD /* ViewController.swift */; };
		31AE515A2848C21D00D405AD /* Assets.xcassets in Resources */ = {isa = PBXBuildFile; fileRef = 31AE51592848C21D00D405AD /* Assets.xcassets */; };
		31AE515D2848C21D00D405AD /* LaunchScreen.storyboard in Resources */ = {isa = PBXBuildFile; fileRef = 31AE515B2848C21D00D405AD /* LaunchScreen.storyboard */; };
		31AE51682848C21E00D405AD /* ContactsTests.swift in Sources */ = {isa = PBXBuildFile; fileRef = 31AE51672848C21E00D405AD /* ContactsTests.swift */; };
		31AE51722848C21E00D405AD /* ContactsUITests.swift in Sources */ = {isa = PBXBuildFile; fileRef = 31AE51712848C21E00D405AD /* ContactsUITests.swift */; };
		31AE51742848C21E00D405AD /* ContactsUITestsLaunchTests.swift in Sources */ = {isa = PBXBuildFile; fileRef = 31AE51732848C21E00D405AD /* ContactsUITestsLaunchTests.swift */; };
		31AE51812848CC7E00D405AD /* ContactCell.swift in Sources */ = {isa = PBXBuildFile; fileRef = 31AE51802848CC7E00D405AD /* ContactCell.swift */; };
/* End PBXBuildFile section */

/* Begin PBXContainerItemProxy section */
		31AE51642848C21E00D405AD /* PBXContainerItemProxy */ = {
			isa = PBXContainerItemProxy;
			containerPortal = 31AE51452848C21D00D405AD /* Project object */;
			proxyType = 1;
			remoteGlobalIDString = 31AE514C2848C21D00D405AD;
			remoteInfo = Contacts;
		};
		31AE516E2848C21E00D405AD /* PBXContainerItemProxy */ = {
			isa = PBXContainerItemProxy;
			containerPortal = 31AE51452848C21D00D405AD /* Project object */;
			proxyType = 1;
			remoteGlobalIDString = 31AE514C2848C21D00D405AD;
			remoteInfo = Contacts;
		};
/* End PBXContainerItemProxy section */

/* Begin PBXFileReference section */
		31075976284B3B5500FC1B2E /* Data.swift */ = {isa = PBXFileReference; lastKnownFileType = sourcecode.swift; path = Data.swift; sourceTree = "<group>"; };
		31075979284B590900FC1B2E /* AddContactViewController.swift */ = {isa = PBXFileReference; lastKnownFileType = sourcecode.swift; path = AddContactViewController.swift; sourceTree = "<group>"; };
		317055292849EAD000B324E8 /* Contact.swift */ = {isa = PBXFileReference; lastKnownFileType = sourcecode.swift; path = Contact.swift; sourceTree = "<group>"; };
		3170552B2849FDA100B324E8 /* ContactDetailsViewController.swift */ = {isa = PBXFileReference; lastKnownFileType = sourcecode.swift; path = ContactDetailsViewController.swift; sourceTree = "<group>"; };
		31AE514D2848C21D00D405AD /* Contacts.app */ = {isa = PBXFileReference; explicitFileType = wrapper.application; includeInIndex = 0; path = Contacts.app; sourceTree = BUILT_PRODUCTS_DIR; };
		31AE51502848C21D00D405AD /* AppDelegate.swift */ = {isa = PBXFileReference; lastKnownFileType = sourcecode.swift; path = AppDelegate.swift; sourceTree = "<group>"; };
		31AE51522848C21D00D405AD /* SceneDelegate.swift */ = {isa = PBXFileReference; lastKnownFileType = sourcecode.swift; path = SceneDelegate.swift; sourceTree = "<group>"; };
		31AE51542848C21D00D405AD /* ViewController.swift */ = {isa = PBXFileReference; lastKnownFileType = sourcecode.swift; path = ViewController.swift; sourceTree = "<group>"; };
		31AE51592848C21D00D405AD /* Assets.xcassets */ = {isa = PBXFileReference; lastKnownFileType = folder.assetcatalog; path = Assets.xcassets; sourceTree = "<group>"; };
		31AE515C2848C21D00D405AD /* Base */ = {isa = PBXFileReference; lastKnownFileType = file.storyboard; name = Base; path = Base.lproj/LaunchScreen.storyboard; sourceTree = "<group>"; };
		31AE515E2848C21D00D405AD /* Info.plist */ = {isa = PBXFileReference; lastKnownFileType = text.plist.xml; path = Info.plist; sourceTree = "<group>"; };
		31AE51632848C21E00D405AD /* ContactsTests.xctest */ = {isa = PBXFileReference; explicitFileType = wrapper.cfbundle; includeInIndex = 0; path = ContactsTests.xctest; sourceTree = BUILT_PRODUCTS_DIR; };
		31AE51672848C21E00D405AD /* ContactsTests.swift */ = {isa = PBXFileReference; lastKnownFileType = sourcecode.swift; path = ContactsTests.swift; sourceTree = "<group>"; };
		31AE516D2848C21E00D405AD /* ContactsUITests.xctest */ = {isa = PBXFileReference; explicitFileType = wrapper.cfbundle; includeInIndex = 0; path = ContactsUITests.xctest; sourceTree = BUILT_PRODUCTS_DIR; };
		31AE51712848C21E00D405AD /* ContactsUITests.swift */ = {isa = PBXFileReference; lastKnownFileType = sourcecode.swift; path = ContactsUITests.swift; sourceTree = "<group>"; };
		31AE51732848C21E00D405AD /* ContactsUITestsLaunchTests.swift */ = {isa = PBXFileReference; lastKnownFileType = sourcecode.swift; path = ContactsUITestsLaunchTests.swift; sourceTree = "<group>"; };
		31AE51802848CC7E00D405AD /* ContactCell.swift */ = {isa = PBXFileReference; lastKnownFileType = sourcecode.swift; path = ContactCell.swift; sourceTree = "<group>"; };
/* End PBXFileReference section */

/* Begin PBXFrameworksBuildPhase section */
		31AE514A2848C21D00D405AD /* Frameworks */ = {
			isa = PBXFrameworksBuildPhase;
			buildActionMask = 2147483647;
			files = (
			);
			runOnlyForDeploymentPostprocessing = 0;
		};
		31AE51602848C21E00D405AD /* Frameworks */ = {
			isa = PBXFrameworksBuildPhase;
			buildActionMask = 2147483647;
			files = (
			);
			runOnlyForDeploymentPostprocessing = 0;
		};
		31AE516A2848C21E00D405AD /* Frameworks */ = {
			isa = PBXFrameworksBuildPhase;
			buildActionMask = 2147483647;
			files = (
			);
			runOnlyForDeploymentPostprocessing = 0;
		};
/* End PBXFrameworksBuildPhase section */

/* Begin PBXGroup section */
		31075978284B3BAB00FC1B2E /* Model */ = {
			isa = PBXGroup;
			children = (
				31075976284B3B5500FC1B2E /* Data.swift */,
				31AE51802848CC7E00D405AD /* ContactCell.swift */,
				317055292849EAD000B324E8 /* Contact.swift */,
			);
			path = Model;
			sourceTree = "<group>";
		};
		3170552D2849FDC000B324E8 /* Controllers */ = {
			isa = PBXGroup;
			children = (
				31AE51542848C21D00D405AD /* ViewController.swift */,
				3170552B2849FDA100B324E8 /* ContactDetailsViewController.swift */,
				31075979284B590900FC1B2E /* AddContactViewController.swift */,
			);
			path = Controllers;
			sourceTree = "<group>";
		};
		31AE51442848C21D00D405AD = {
			isa = PBXGroup;
			children = (
				31AE514F2848C21D00D405AD /* Contacts */,
				31AE51662848C21E00D405AD /* ContactsTests */,
				31AE51702848C21E00D405AD /* ContactsUITests */,
				31AE514E2848C21D00D405AD /* Products */,
			);
			sourceTree = "<group>";
		};
		31AE514E2848C21D00D405AD /* Products */ = {
			isa = PBXGroup;
			children = (
				31AE514D2848C21D00D405AD /* Contacts.app */,
				31AE51632848C21E00D405AD /* ContactsTests.xctest */,
				31AE516D2848C21E00D405AD /* ContactsUITests.xctest */,
			);
			name = Products;
			sourceTree = "<group>";
		};
		31AE514F2848C21D00D405AD /* Contacts */ = {
			isa = PBXGroup;
			children = (
				3170552D2849FDC000B324E8 /* Controllers */,
				31075978284B3BAB00FC1B2E /* Model */,
				31AE51592848C21D00D405AD /* Assets.xcassets */,
				31AE515B2848C21D00D405AD /* LaunchScreen.storyboard */,
				31AE515E2848C21D00D405AD /* Info.plist */,
				31AE51522848C21D00D405AD /* SceneDelegate.swift */,
				31AE51502848C21D00D405AD /* AppDelegate.swift */,
			);
			path = Contacts;
			sourceTree = "<group>";
		};
		31AE51662848C21E00D405AD /* ContactsTests */ = {
			isa = PBXGroup;
			children = (
				31AE51672848C21E00D405AD /* ContactsTests.swift */,
			);
			path = ContactsTests;
			sourceTree = "<group>";
		};
		31AE51702848C21E00D405AD /* ContactsUITests */ = {
			isa = PBXGroup;
			children = (
				31AE51712848C21E00D405AD /* ContactsUITests.swift */,
				31AE51732848C21E00D405AD /* ContactsUITestsLaunchTests.swift */,
			);
			path = ContactsUITests;
			sourceTree = "<group>";
		};
/* End PBXGroup section */

/* Begin PBXNativeTarget section */
		31AE514C2848C21D00D405AD /* Contacts */ = {
			isa = PBXNativeTarget;
			buildConfigurationList = 31AE51772848C21E00D405AD /* Build configuration list for PBXNativeTarget "Contacts" */;
			buildPhases = (
				31AE51492848C21D00D405AD /* Sources */,
				31AE514A2848C21D00D405AD /* Frameworks */,
				31AE514B2848C21D00D405AD /* Resources */,
			);
			buildRules = (
			);
			dependencies = (
			);
			name = Contacts;
			productName = Contacts;
			productReference = 31AE514D2848C21D00D405AD /* Contacts.app */;
			productType = "com.apple.product-type.application";
		};
		31AE51622848C21E00D405AD /* ContactsTests */ = {
			isa = PBXNativeTarget;
			buildConfigurationList = 31AE517A2848C21E00D405AD /* Build configuration list for PBXNativeTarget "ContactsTests" */;
			buildPhases = (
				31AE515F2848C21E00D405AD /* Sources */,
				31AE51602848C21E00D405AD /* Frameworks */,
				31AE51612848C21E00D405AD /* Resources */,
			);
			buildRules = (
			);
			dependencies = (
				31AE51652848C21E00D405AD /* PBXTargetDependency */,
			);
			name = ContactsTests;
			productName = ContactsTests;
			productReference = 31AE51632848C21E00D405AD /* ContactsTests.xctest */;
			productType = "com.apple.product-type.bundle.unit-test";
		};
		31AE516C2848C21E00D405AD /* ContactsUITests */ = {
			isa = PBXNativeTarget;
			buildConfigurationList = 31AE517D2848C21E00D405AD /* Build configuration list for PBXNativeTarget "ContactsUITests" */;
			buildPhases = (
				31AE51692848C21E00D405AD /* Sources */,
				31AE516A2848C21E00D405AD /* Frameworks */,
				31AE516B2848C21E00D405AD /* Resources */,
			);
			buildRules = (
			);
			dependencies = (
				31AE516F2848C21E00D405AD /* PBXTargetDependency */,
			);
			name = ContactsUITests;
			productName = ContactsUITests;
			productReference = 31AE516D2848C21E00D405AD /* ContactsUITests.xctest */;
			productType = "com.apple.product-type.bundle.ui-testing";
		};
/* End PBXNativeTarget section */

/* Begin PBXProject section */
		31AE51452848C21D00D405AD /* Project object */ = {
			isa = PBXProject;
			attributes = {
				BuildIndependentTargetsInParallel = 1;
				LastSwiftUpdateCheck = 1330;
				LastUpgradeCheck = 1330;
				TargetAttributes = {
					31AE514C2848C21D00D405AD = {
						CreatedOnToolsVersion = 13.3.1;
					};
					31AE51622848C21E00D405AD = {
						CreatedOnToolsVersion = 13.3.1;
						TestTargetID = 31AE514C2848C21D00D405AD;
					};
					31AE516C2848C21E00D405AD = {
						CreatedOnToolsVersion = 13.3.1;
						TestTargetID = 31AE514C2848C21D00D405AD;
					};
				};
			};
			buildConfigurationList = 31AE51482848C21D00D405AD /* Build configuration list for PBXProject "Contacts" */;
			compatibilityVersion = "Xcode 13.0";
			developmentRegion = en;
			hasScannedForEncodings = 0;
			knownRegions = (
				en,
				Base,
			);
			mainGroup = 31AE51442848C21D00D405AD;
			productRefGroup = 31AE514E2848C21D00D405AD /* Products */;
			projectDirPath = "";
			projectRoot = "";
			targets = (
				31AE514C2848C21D00D405AD /* Contacts */,
				31AE51622848C21E00D405AD /* ContactsTests */,
				31AE516C2848C21E00D405AD /* ContactsUITests */,
			);
		};
/* End PBXProject section */

/* Begin PBXResourcesBuildPhase section */
		31AE514B2848C21D00D405AD /* Resources */ = {
			isa = PBXResourcesBuildPhase;
			buildActionMask = 2147483647;
			files = (
				31AE515D2848C21D00D405AD /* LaunchScreen.storyboard in Resources */,
				31AE515A2848C21D00D405AD /* Assets.xcassets in Resources */,
			);
			runOnlyForDeploymentPostprocessing = 0;
		};
		31AE51612848C21E00D405AD /* Resources */ = {
			isa = PBXResourcesBuildPhase;
			buildActionMask = 2147483647;
			files = (
			);
			runOnlyForDeploymentPostprocessing = 0;
		};
		31AE516B2848C21E00D405AD /* Resources */ = {
			isa = PBXResourcesBuildPhase;
			buildActionMask = 2147483647;
			files = (
			);
			runOnlyForDeploymentPostprocessing = 0;
		};
/* End PBXResourcesBuildPhase section */

/* Begin PBXSourcesBuildPhase section */
		31AE51492848C21D00D405AD /* Sources */ = {
			isa = PBXSourcesBuildPhase;
			buildActionMask = 2147483647;
			files = (
				31075977284B3B5500FC1B2E /* Data.swift in Sources */,
				3170552A2849EAD000B324E8 /* Contact.swift in Sources */,
				31AE51812848CC7E00D405AD /* ContactCell.swift in Sources */,
				3170552C2849FDA100B324E8 /* ContactDetailsViewController.swift in Sources */,
				31AE51552848C21D00D405AD /* ViewController.swift in Sources */,
				3107597A284B590900FC1B2E /* AddContactViewController.swift in Sources */,
				31AE51512848C21D00D405AD /* AppDelegate.swift in Sources */,
				31AE51532848C21D00D405AD /* SceneDelegate.swift in Sources */,
			);
			runOnlyForDeploymentPostprocessing = 0;
		};
		31AE515F2848C21E00D405AD /* Sources */ = {
			isa = PBXSourcesBuildPhase;
			buildActionMask = 2147483647;
			files = (
				31AE51682848C21E00D405AD /* ContactsTests.swift in Sources */,
			);
			runOnlyForDeploymentPostprocessing = 0;
		};
		31AE51692848C21E00D405AD /* Sources */ = {
			isa = PBXSourcesBuildPhase;
			buildActionMask = 2147483647;
			files = (
				31AE51742848C21E00D405AD /* ContactsUITestsLaunchTests.swift in Sources */,
				31AE51722848C21E00D405AD /* ContactsUITests.swift in Sources */,
			);
			runOnlyForDeploymentPostprocessing = 0;
		};
/* End PBXSourcesBuildPhase section */

/* Begin PBXTargetDependency section */
		31AE51652848C21E00D405AD /* PBXTargetDependency */ = {
			isa = PBXTargetDependency;
			target = 31AE514C2848C21D00D405AD /* Contacts */;
			targetProxy = 31AE51642848C21E00D405AD /* PBXContainerItemProxy */;
		};
		31AE516F2848C21E00D405AD /* PBXTargetDependency */ = {
			isa = PBXTargetDependency;
			target = 31AE514C2848C21D00D405AD /* Contacts */;
			targetProxy = 31AE516E2848C21E00D405AD /* PBXContainerItemProxy */;
		};
/* End PBXTargetDependency section */

/* Begin PBXVariantGroup section */
		31AE515B2848C21D00D405AD /* LaunchScreen.storyboard */ = {
			isa = PBXVariantGroup;
			children = (
				31AE515C2848C21D00D405AD /* Base */,
			);
			name = LaunchScreen.storyboard;
			sourceTree = "<group>";
		};
/* End PBXVariantGroup section */

/* Begin XCBuildConfiguration section */
		31AE51752848C21E00D405AD /* Debug */ = {
			isa = XCBuildConfiguration;
			buildSettings = {
				ALWAYS_SEARCH_USER_PATHS = NO;
				CLANG_ANALYZER_NONNULL = YES;
				CLANG_ANALYZER_NUMBER_OBJECT_CONVERSION = YES_AGGRESSIVE;
				CLANG_CXX_LANGUAGE_STANDARD = "gnu++17";
				CLANG_ENABLE_MODULES = YES;
				CLANG_ENABLE_OBJC_ARC = YES;
				CLANG_ENABLE_OBJC_WEAK = YES;
				CLANG_WARN_BLOCK_CAPTURE_AUTORELEASING = YES;
				CLANG_WARN_BOOL_CONVERSION = YES;
				CLANG_WARN_COMMA = YES;
				CLANG_WARN_CONSTANT_CONVERSION = YES;
				CLANG_WARN_DEPRECATED_OBJC_IMPLEMENTATIONS = YES;
				CLANG_WARN_DIRECT_OBJC_ISA_USAGE = YES_ERROR;
				CLANG_WARN_DOCUMENTATION_COMMENTS = YES;
				CLANG_WARN_EMPTY_BODY = YES;
				CLANG_WARN_ENUM_CONVERSION = YES;
				CLANG_WARN_INFINITE_RECURSION = YES;
				CLANG_WARN_INT_CONVERSION = YES;
				CLANG_WARN_NON_LITERAL_NULL_CONVERSION = YES;
				CLANG_WARN_OBJC_IMPLICIT_RETAIN_SELF = YES;
				CLANG_WARN_OBJC_LITERAL_CONVERSION = YES;
				CLANG_WARN_OBJC_ROOT_CLASS = YES_ERROR;
				CLANG_WARN_QUOTED_INCLUDE_IN_FRAMEWORK_HEADER = YES;
				CLANG_WARN_RANGE_LOOP_ANALYSIS = YES;
				CLANG_WARN_STRICT_PROTOTYPES = YES;
				CLANG_WARN_SUSPICIOUS_MOVE = YES;
				CLANG_WARN_UNGUARDED_AVAILABILITY = YES_AGGRESSIVE;
				CLANG_WARN_UNREACHABLE_CODE = YES;
				CLANG_WARN__DUPLICATE_METHOD_MATCH = YES;
				COPY_PHASE_STRIP = NO;
				DEBUG_INFORMATION_FORMAT = dwarf;
				ENABLE_STRICT_OBJC_MSGSEND = YES;
				ENABLE_TESTABILITY = YES;
				GCC_C_LANGUAGE_STANDARD = gnu11;
				GCC_DYNAMIC_NO_PIC = NO;
				GCC_NO_COMMON_BLOCKS = YES;
				GCC_OPTIMIZATION_LEVEL = 0;
				GCC_PREPROCESSOR_DEFINITIONS = (
					"DEBUG=1",
					"$(inherited)",
				);
				GCC_WARN_64_TO_32_BIT_CONVERSION = YES;
				GCC_WARN_ABOUT_RETURN_TYPE = YES_ERROR;
				GCC_WARN_UNDECLARED_SELECTOR = YES;
				GCC_WARN_UNINITIALIZED_AUTOS = YES_AGGRESSIVE;
				GCC_WARN_UNUSED_FUNCTION = YES;
				GCC_WARN_UNUSED_VARIABLE = YES;
				IPHONEOS_DEPLOYMENT_TARGET = 15.4;
				MTL_ENABLE_DEBUG_INFO = INCLUDE_SOURCE;
				MTL_FAST_MATH = YES;
				ONLY_ACTIVE_ARCH = YES;
				SDKROOT = iphoneos;
				SWIFT_ACTIVE_COMPILATION_CONDITIONS = DEBUG;
				SWIFT_OPTIMIZATION_LEVEL = "-Onone";
			};
			name = Debug;
		};
		31AE51762848C21E00D405AD /* Release */ = {
			isa = XCBuildConfiguration;
			buildSettings = {
				ALWAYS_SEARCH_USER_PATHS = NO;
				CLANG_ANALYZER_NONNULL = YES;
				CLANG_ANALYZER_NUMBER_OBJECT_CONVERSION = YES_AGGRESSIVE;
				CLANG_CXX_LANGUAGE_STANDARD = "gnu++17";
				CLANG_ENABLE_MODULES = YES;
				CLANG_ENABLE_OBJC_ARC = YES;
				CLANG_ENABLE_OBJC_WEAK = YES;
				CLANG_WARN_BLOCK_CAPTURE_AUTORELEASING = YES;
				CLANG_WARN_BOOL_CONVERSION = YES;
				CLANG_WARN_COMMA = YES;
				CLANG_WARN_CONSTANT_CONVERSION = YES;
				CLANG_WARN_DEPRECATED_OBJC_IMPLEMENTATIONS = YES;
				CLANG_WARN_DIRECT_OBJC_ISA_USAGE = YES_ERROR;
				CLANG_WARN_DOCUMENTATION_COMMENTS = YES;
				CLANG_WARN_EMPTY_BODY = YES;
				CLANG_WARN_ENUM_CONVERSION = YES;
				CLANG_WARN_INFINITE_RECURSION = YES;
				CLANG_WARN_INT_CONVERSION = YES;
				CLANG_WARN_NON_LITERAL_NULL_CONVERSION = YES;
				CLANG_WARN_OBJC_IMPLICIT_RETAIN_SELF = YES;
				CLANG_WARN_OBJC_LITERAL_CONVERSION = YES;
				CLANG_WARN_OBJC_ROOT_CLASS = YES_ERROR;
				CLANG_WARN_QUOTED_INCLUDE_IN_FRAMEWORK_HEADER = YES;
				CLANG_WARN_RANGE_LOOP_ANALYSIS = YES;
				CLANG_WARN_STRICT_PROTOTYPES = YES;
				CLANG_WARN_SUSPICIOUS_MOVE = YES;
				CLANG_WARN_UNGUARDED_AVAILABILITY = YES_AGGRESSIVE;
				CLANG_WARN_UNREACHABLE_CODE = YES;
				CLANG_WARN__DUPLICATE_METHOD_MATCH = YES;
				COPY_PHASE_STRIP = NO;
				DEBUG_INFORMATION_FORMAT = "dwarf-with-dsym";
				ENABLE_NS_ASSERTIONS = NO;
				ENABLE_STRICT_OBJC_MSGSEND = YES;
				GCC_C_LANGUAGE_STANDARD = gnu11;
				GCC_NO_COMMON_BLOCKS = YES;
				GCC_WARN_64_TO_32_BIT_CONVERSION = YES;
				GCC_WARN_ABOUT_RETURN_TYPE = YES_ERROR;
				GCC_WARN_UNDECLARED_SELECTOR = YES;
				GCC_WARN_UNINITIALIZED_AUTOS = YES_AGGRESSIVE;
				GCC_WARN_UNUSED_FUNCTION = YES;
				GCC_WARN_UNUSED_VARIABLE = YES;
				IPHONEOS_DEPLOYMENT_TARGET = 15.4;
				MTL_ENABLE_DEBUG_INFO = NO;
				MTL_FAST_MATH = YES;
				SDKROOT = iphoneos;
				SWIFT_COMPILATION_MODE = wholemodule;
				SWIFT_OPTIMIZATION_LEVEL = "-O";
				VALIDATE_PRODUCT = YES;
			};
			name = Release;
		};
		31AE51782848C21E00D405AD /* Debug */ = {
			isa = XCBuildConfiguration;
			buildSettings = {
				ASSETCATALOG_COMPILER_APPICON_NAME = AppIcon;
				ASSETCATALOG_COMPILER_GLOBAL_ACCENT_COLOR_NAME = AccentColor;
				CODE_SIGN_STYLE = Automatic;
				CURRENT_PROJECT_VERSION = 1;
				GENERATE_INFOPLIST_FILE = YES;
				INFOPLIST_FILE = Contacts/Info.plist;
				INFOPLIST_KEY_UIApplicationSupportsIndirectInputEvents = YES;
				INFOPLIST_KEY_UILaunchStoryboardName = LaunchScreen;
				INFOPLIST_KEY_UISupportedInterfaceOrientations_iPad = "UIInterfaceOrientationPortrait UIInterfaceOrientationPortraitUpsideDown UIInterfaceOrientationLandscapeLeft UIInterfaceOrientationLandscapeRight";
				INFOPLIST_KEY_UISupportedInterfaceOrientations_iPhone = "UIInterfaceOrientationPortrait UIInterfaceOrientationLandscapeLeft UIInterfaceOrientationLandscapeRight";
				LD_RUNPATH_SEARCH_PATHS = (
					"$(inherited)",
					"@executable_path/Frameworks",
				);
				MARKETING_VERSION = 1.0;
				PRODUCT_BUNDLE_IDENTIFIER = com.olzhassb.Contacts;
				PRODUCT_NAME = "$(TARGET_NAME)";
				SWIFT_EMIT_LOC_STRINGS = YES;
				SWIFT_VERSION = 5.0;
				TARGETED_DEVICE_FAMILY = "1,2";
			};
			name = Debug;
		};
		31AE51792848C21E00D405AD /* Release */ = {
			isa = XCBuildConfiguration;
			buildSettings = {
				ASSETCATALOG_COMPILER_APPICON_NAME = AppIcon;
				ASSETCATALOG_COMPILER_GLOBAL_ACCENT_COLOR_NAME = AccentColor;
				CODE_SIGN_STYLE = Automatic;
				CURRENT_PROJECT_VERSION = 1;
				GENERATE_INFOPLIST_FILE = YES;
				INFOPLIST_FILE = Contacts/Info.plist;
				INFOPLIST_KEY_UIApplicationSupportsIndirectInputEvents = YES;
				INFOPLIST_KEY_UILaunchStoryboardName = LaunchScreen;
				INFOPLIST_KEY_UISupportedInterfaceOrientations_iPad = "UIInterfaceOrientationPortrait UIInterfaceOrientationPortraitUpsideDown UIInterfaceOrientationLandscapeLeft UIInterfaceOrientationLandscapeRight";
				INFOPLIST_KEY_UISupportedInterfaceOrientations_iPhone = "UIInterfaceOrientationPortrait UIInterfaceOrientationLandscapeLeft UIInterfaceOrientationLandscapeRight";
				LD_RUNPATH_SEARCH_PATHS = (
					"$(inherited)",
					"@executable_path/Frameworks",
				);
				MARKETING_VERSION = 1.0;
				PRODUCT_BUNDLE_IDENTIFIER = com.olzhassb.Contacts;
				PRODUCT_NAME = "$(TARGET_NAME)";
				SWIFT_EMIT_LOC_STRINGS = YES;
				SWIFT_VERSION = 5.0;
				TARGETED_DEVICE_FAMILY = "1,2";
			};
			name = Release;
		};
		31AE517B2848C21E00D405AD /* Debug */ = {
			isa = XCBuildConfiguration;
			buildSettings = {
				ALWAYS_EMBED_SWIFT_STANDARD_LIBRARIES = YES;
				BUNDLE_LOADER = "$(TEST_HOST)";
				CODE_SIGN_STYLE = Automatic;
				CURRENT_PROJECT_VERSION = 1;
				GENERATE_INFOPLIST_FILE = YES;
				IPHONEOS_DEPLOYMENT_TARGET = 15.4;
				MARKETING_VERSION = 1.0;
				PRODUCT_BUNDLE_IDENTIFIER = com.olzhassb.ContactsTests;
				PRODUCT_NAME = "$(TARGET_NAME)";
				SWIFT_EMIT_LOC_STRINGS = NO;
				SWIFT_VERSION = 5.0;
				TARGETED_DEVICE_FAMILY = "1,2";
				TEST_HOST = "$(BUILT_PRODUCTS_DIR)/Contacts.app/Contacts";
			};
			name = Debug;
		};
		31AE517C2848C21E00D405AD /* Release */ = {
			isa = XCBuildConfiguration;
			buildSettings = {
				ALWAYS_EMBED_SWIFT_STANDARD_LIBRARIES = YES;
				BUNDLE_LOADER = "$(TEST_HOST)";
				CODE_SIGN_STYLE = Automatic;
				CURRENT_PROJECT_VERSION = 1;
				GENERATE_INFOPLIST_FILE = YES;
				IPHONEOS_DEPLOYMENT_TARGET = 15.4;
				MARKETING_VERSION = 1.0;
				PRODUCT_BUNDLE_IDENTIFIER = com.olzhassb.ContactsTests;
				PRODUCT_NAME = "$(TARGET_NAME)";
				SWIFT_EMIT_LOC_STRINGS = NO;
				SWIFT_VERSION = 5.0;
				TARGETED_DEVICE_FAMILY = "1,2";
				TEST_HOST = "$(BUILT_PRODUCTS_DIR)/Contacts.app/Contacts";
			};
			name = Release;
		};
		31AE517E2848C21E00D405AD /* Debug */ = {
			isa = XCBuildConfiguration;
			buildSettings = {
				ALWAYS_EMBED_SWIFT_STANDARD_LIBRARIES = YES;
				CODE_SIGN_STYLE = Automatic;
				CURRENT_PROJECT_VERSION = 1;
				GENERATE_INFOPLIST_FILE = YES;
				MARKETING_VERSION = 1.0;
				PRODUCT_BUNDLE_IDENTIFIER = com.olzhassb.ContactsUITests;
				PRODUCT_NAME = "$(TARGET_NAME)";
				SWIFT_EMIT_LOC_STRINGS = NO;
				SWIFT_VERSION = 5.0;
				TARGETED_DEVICE_FAMILY = "1,2";
				TEST_TARGET_NAME = Contacts;
			};
			name = Debug;
		};
		31AE517F2848C21E00D405AD /* Release */ = {
			isa = XCBuildConfiguration;
			buildSettings = {
				ALWAYS_EMBED_SWIFT_STANDARD_LIBRARIES = YES;
				CODE_SIGN_STYLE = Automatic;
				CURRENT_PROJECT_VERSION = 1;
				GENERATE_INFOPLIST_FILE = YES;
				MARKETING_VERSION = 1.0;
				PRODUCT_BUNDLE_IDENTIFIER = com.olzhassb.ContactsUITests;
				PRODUCT_NAME = "$(TARGET_NAME)";
				SWIFT_EMIT_LOC_STRINGS = NO;
				SWIFT_VERSION = 5.0;
				TARGETED_DEVICE_FAMILY = "1,2";
				TEST_TARGET_NAME = Contacts;
			};
			name = Release;
		};
/* End XCBuildConfiguration section */

/* Begin XCConfigurationList section */
		31AE51482848C21D00D405AD /* Build configuration list for PBXProject "Contacts" */ = {
			isa = XCConfigurationList;
			buildConfigurations = (
				31AE51752848C21E00D405AD /* Debug */,
				31AE51762848C21E00D405AD /* Release */,
			);
			defaultConfigurationIsVisible = 0;
			defaultConfigurationName = Release;
		};
		31AE51772848C21E00D405AD /* Build configuration list for PBXNativeTarget "Contacts" */ = {
			isa = XCConfigurationList;
			buildConfigurations = (
				31AE51782848C21E00D405AD /* Debug */,
				31AE51792848C21E00D405AD /* Release */,
			);
			defaultConfigurationIsVisible = 0;
			defaultConfigurationName = Release;
		};
		31AE517A2848C21E00D405AD /* Build configuration list for PBXNativeTarget "ContactsTests" */ = {
			isa = XCConfigurationList;
			buildConfigurations = (
				31AE517B2848C21E00D405AD /* Debug */,
				31AE517C2848C21E00D405AD /* Release */,
			);
			defaultConfigurationIsVisible = 0;
			defaultConfigurationName = Release;
		};
		31AE517D2848C21E00D405AD /* Build configuration list for PBXNativeTarget "ContactsUITests" */ = {
			isa = XCConfigurationList;
			buildConfigurations = (
				31AE517E2848C21E00D405AD /* Debug */,
				31AE517F2848C21E00D405AD /* Release */,
			);
			defaultConfigurationIsVisible = 0;
			defaultConfigurationName = Release;
		};
/* End XCConfigurationList section */
	};
	rootObject = 31AE51452848C21D00D405AD /* Project object */;
}
